// !$*UTF8*$!
{
	archiveVersion = 1;
	classes = {
	};
	objectVersion = 48;
	objects = {

/* Begin PBXBuildFile section */
		505434B1279A3BDFE4186EA2 /* Pods_CapacitorScanTests.framework in Frameworks */ = {isa = PBXBuildFile; fileRef = 1A4F45E60F7560CC065404D6 /* Pods_CapacitorScanTests.framework */; };
		50ADFF92201F53D600D50D53 /* CapacitorScan.framework in Frameworks */ = {isa = PBXBuildFile; fileRef = 50ADFF88201F53D600D50D53 /* CapacitorScan.framework */; };
		50ADFF97201F53D600D50D53 /* PluginTests.swift in Sources */ = {isa = PBXBuildFile; fileRef = 50ADFF96201F53D600D50D53 /* PluginTests.swift */; };
		50ADFF99201F53D600D50D53 /* Plugin.h in Headers */ = {isa = PBXBuildFile; fileRef = 50ADFF8B201F53D600D50D53 /* Plugin.h */; settings = {ATTRIBUTES = (Public, ); }; };
		50ADFFA42020D75100D50D53 /* Capacitor.framework in Frameworks */ = {isa = PBXBuildFile; fileRef = 50ADFFA52020D75100D50D53 /* Capacitor.framework */; };
		962E320D25924CED004FDF57 /* threadbuf.h in Headers */ = {isa = PBXBuildFile; fileRef = 962E320C25924CED004FDF57 /* threadbuf.h */; };
		962E344325929E12004FDF57 /* license.txt in Resources */ = {isa = P BXBuildFile; fileRef = 962E33F825929E12004FDF57 /* Copying.txt */; };
		962E344A25929E12004FDF57 /* README.md in Resources */ = {isa = PBXBuildFile; fileRef = 962E340025929E12004FDF57 /* README.md */; };
		962E344D25929E12004FDF57 /* bb_base.hpp in Headers */ = {isa = PBXBuildFile; fileRef = 962E340425929E12004FDF57 /* bb_base.hpp */; };
		962E344D25929E12004FDF57 /* bb_index.hpp in Headers */ = {isa = PBXBuildFile; fileRef = 962E340425929E12004FDF57 /* bb_index.hpp */; };
		962E344E25929E12004FDF57 /* thread.cpp in Sources */ = {isa = PBXBuildFile; fileRef = 962E340525929E12004FDF57 /* thread.cpp */; };
		962E344F25929E12004FDF57 /* bb_comp.cpp in Sources */ = {isa = PBXBuildFile; fileRef = 962E340625929E12004FDF57 /* bb_comp.cpp */; };
		962E345025929E12004FDF57 /* bb_index.cpp in Sources */ = {isa = PBXBuildFile; fileRef = 962E340725929E12004FDF57 /* bb_index.cpp */; };
		962E345125929E12004FDF57 /* bit.cpp in Sources */ = {isa = PBXBuildFile; fileRef = 962E340925929E12004FDF57 /* bit.cpp */; };
		962E345C25929E12004FDF57 /* bit.hpp in Headers */ = {isa = PBXBuildFile; fileRef = 962E341625929E12004FDF57 /* bit.hpp */; };
		962E345E25929E12004FDF57 /* book.hpp in Headers */ = {isa = PBXBuildFile; fileRef = 962E341925929E12004FDF57 /* book.hpp */; };
		962E345E25929E12004FDF57 /* book.cpp in Sources */ = {isa = PBXBuildFile; fileRef = 962E341925929E12004FDF57 /* book.cpp */; };
		962E346125929E12004FDF57 /* common.cpp in Sources */ = {isa = PBXBuildFile; fileRef = 962E341C25929E12004FDF57 /* common.cpp */; };
		962E346225929E12004FDF57 /* eval.hpp in Headers */ = {isa = PBXBuildFile; fileRef = 962E341D25929E12004FDF57 /* eval.hpp */; };
		962E346325929E12004FDF57 /* common.hpp in Headers */ = {isa = PBXBuildFile; fileRef = 962E341E25929E12004FDF57 /* common.hpp */; };
		962E346425929E12004FDF57 /* fen.cpp in Sources */ = {isa = PBXBuildFile; fileRef = 962E341F25929E12004FDF57 /* fen.cpp */; };
		962E346625929E12004FDF57 /* game.hpp in Headers */ = {isa = PBXBuildFile; fileRef = 962E342125929E12004FDF57 /* game.hpp */; };
		962E346925929E12004FDF57 /* gen.cpp in Sources */ = {isa = PBXBuildFile; fileRef = 962E342425929E12004FDF57 /* gen.cpp */; };
		962E346A25929E12004FDF57 /* fen.hpp in Headers */ = {isa = PBXBuildFile; fileRef = 962E342525929E12004FDF57 /* fen.hpp */; };
		962E346B25929E12004FDF57 /* eval.cpp in Sources */ = {isa = PBXBuildFile; fileRef = 962E342625929E12004FDF57 /* eval.cpp */; };
		962E346C25929E12004FDF57 /* hash.hpp in Headers */ = {isa = PBXBuildFile; fileRef = 962E342725929E12004FDF57 /* hash.hpp */; };
		962E346D25929E12004FDF57 /* hub.cpp in Sources */ = {isa = PBXBuildFile; fileRef = 962E342925929E12004FDF57 /* hub.cpp */; };
		962E346E25929E12004FDF57 /* hub.hpp in Headers */ = {isa = PBXBuildFile; fileRef = 962E342A25929E12004FDF57 /* hub.hpp */; };
		962E346D25929E12004FDF57 /* pos.cpp in Sources */ = {isa = PBXBuildFile; fileRef = 962E342925929E12004FDF57 /* pos.cpp */; };
		962E346E25929E12004FDF57 /* pos.hpp in Headers */ = {isa = PBXBuildFile; fileRef = 962E342A25929E12004FDF57 /* pos.hpp */; };
		962E346D25929E12004FDF57 /* score.cpp in Sources */ = {isa = PBXBuildFile; fileRef = 962E342925929E12004FDF57 /* score.cpp */; };
		962E346E25929E12004FDF57 /* score.hpp in Headers */ = {isa = PBXBuildFile; fileRef = 962E342A25929E12004FDF57 /* score.hpp */; };
		962E346D25929E12004FDF57 /* sort.cpp in Sources */ = {isa = PBXBuildFile; fileRef = 962E342925929E12004FDF57 /* sort.cpp */; };
		962E346E25929E12004FDF57 /* sort.hpp in Headers */ = {isa = PBXBuildFile; fileRef = 962E342A25929E12004FDF57 /* sort.hpp */; };
		962E346D25929E12004FDF57 /* util.cpp in Sources */ = {isa = PBXBuildFile; fileRef = 962E342925929E12004FDF57 /* util.cpp */; };
		962E346E25929E12004FDF57 /* util.hpp in Headers */ = {isa = PBXBuildFile; fileRef = 962E342A25929E12004FDF57 /* util.hpp */; };
		962E346D25929E12004FDF57 /* var.cpp in Sources */ = {isa = PBXBuildFile; fileRef = 962E342925929E12004FDF57 /* var.cpp */; };
		962E346E25929E12004FDF57 /* var.hpp in Headers */ = {isa = PBXBuildFile; fileRef = 962E342A25929E12004FDF57 /* var.hpp */; };
		962E347025929E12004FDF57 /* libmy.cpp in Sources */ = {isa = PBXBuildFile; fileRef = 962E342C25929E12004FDF57 /* libmy.cpp */; };
		962E347125929E13004FDF57 /* thread.hpp in Headers */ = {isa = PBXBuildFile; fileRef = 962E342D25929E12004FDF57 /* thread.hpp */; };
		962E347225929E13004FDF57 /* list.hpp in Headers */ = {isa = PBXBuildFile; fileRef = 962E342E25929E12004FDF57 /* list.hpp */; };
		962E347325929E13004FDF57 /* search.cpp in Sources */ = {isa = PBXBuildFile; fileRef = 962E342F25929E12004FDF57 /* search.cpp */; };
		962E347525929E13004FDF57 /* gen.hpp in Headers */ = {isa = PBXBuildFile; fileRef = 962E343125929E12004FDF57 /* gen.hpp */; };
		962E347625929E13004FDF57 /* libmy.hpp in Headers */ = {isa = PBXBuildFile; fileRef = 962E343225929E12004FDF57 /* libmy.hpp */; };
		962E347725929E13004FDF57 /* hash.cpp in Sources */ = {isa = PBXBuildFile; fileRef = 962E343325929E12004FDF57 /* hash.cpp */; };
		962E347825929E13004FDF57 /* list.cpp in Sources */ = {isa = PBXBuildFile; fileRef = 962E343425929E12004FDF57 /* list.cpp */; };
		962E347B25929E13004FDF57 /* game.cpp in Sources */ = {isa = PBXBuildFile; fileRef = 962E343825929E12004FDF57 /* game.cpp */; };
		962E347C25929E13004FDF57 /* tt.cpp in Sources */ = {isa = PBXBuildFile; fileRef = 962E343925929E12004FDF57 /* tt.cpp */; };
		962E347D25929E13004FDF57 /* search.hpp in Headers */ = {isa = PBXBuildFile; fileRef = 962E343A25929E12004FDF57 /* search.hpp */; };
		962E347E25929E13004FDF57 /* tt.hpp in Headers */ = {isa = PBXBuildFile; fileRef = 962E343B25929E12004FDF57 /* tt.hpp */; };
		962E348025929E13004FDF57 /* main.hpp in Headers */ = {isa = PBXBuildFile; fileRef = 962E343D25929E12004FDF57 /* main.hpp */; };
		962E348125929E13004FDF57 /* move.hpp in Headers */ = {isa = PBXBuildFile; fileRef = 962E343E25929E12004FDF57 /* move.hpp */; };
		962E348225929E13004FDF57 /* bb_comp.hpp in Headers */ = {isa = PBXBuildFile; fileRef = 962E343F25929E12004FDF57 /* bb_comp.hpp */; };
		962E348325929E13004FDF57 /* move.cpp in Sources */ = {isa = PBXBuildFile; fileRef = 962E344025929E12004FDF57 /* move.cpp */; };
		962E348425929E13004FDF57 /* main.cpp in Sources */ = {isa = PBXBuildFile; fileRef = 962E344125929E12004FDF57 /* main.cpp */; };
		962E348525929E13004FDF57 /* bb_base.cpp in Sources */ = {isa = PBXBuildFile; fileRef = 962E344225929E12004FDF57 /* bb_base.cpp */; };
		962E34CB259359D4004FDF57 /* ScanSendOutput.h in Headers */ = {isa = PBXBuildFile; fileRef = 962E34CA259359D4004FDF57 /* ScanSendOutput.h */; settings = {ATTRIBUTES = (Public, ); }; };
		962E35B22594EE7E004FDF57 /* Plugin.m in Sources */ = {isa = PBXBuildFile; fileRef = 962E35B12594EE7E004FDF57 /* Plugin.m */; };
		962E35B62594EEA9004FDF57 /* Plugin.swift in Sources */ = {isa = PBXBuildFile; fileRef = 962E35B52594EEA9004FDF57 /* Plugin.swift */; };
		962E35BC2594EECE004FDF57 /* ScanBridge.h in Headers */ = {isa = PBXBuildFile; fileRef = 962E35BB2594EECE004FDF57 /* ScanBridge.h */; settings = {ATTRIBUTES = (Public, ); }; };
		962E35C22594EF0A004FDF57 /* ScanBridge.mm in Sources */ = {isa = PBXBuildFile; fileRef = 962E35C12594EF0A004FDF57 /* ScanBridge.mm */; };
		96A9B8052591EE5C00389888 /* Scan.cpp in Sources */ = {isa = PBXBuildFile; fileRef = 96A9B8032591EE5C00389888 /* Scan.cpp */; };
		96A9B8062591EE5C00389888 /* Scan.hpp in Headers */ = {isa = PBXBuildFile; fileRef = 96A9B8042591EE5C00389888 /* Scan.hpp */; };
		9CF4416A270CCEC5001CCB34 /* module.mapfile in Resources */ = {isa = PBXBuildFile; fileRef = 9CF44169270CCEC5001CCB34 /* module.mapfile */; };
		CCE40D3A587C6D1F016D58B4 /* Pods_CapacitorScan.framework in Frameworks */ = {isa = PBXBuildFile; fileRef = 1189AE862AA20B7F3E41267F /* Pods_CapacitorScan.framework */; };
/* End PBXBuildFile section */

/* Begin PBXContainerItemProxy section */
		50ADFF93201F53D600D50D53 /* PBXContainerItemProxy */ = {
			isa = PBXContainerItemProxy;
			containerPortal = 50ADFF7F201F53D600D50D53 /* Project object */;
			proxyType = 1;
			remoteGlobalIDString = 50ADFF87201F53D600D50D53;
			remoteInfo = Plugin;
		};
/* End PBXContainerItemProxy section */

/* Begin PBXFileReference section */
		1189AE862AA20B7F3E41267F /* Pods_CapacitorScan.framework */ = {isa = PBXFileReference; explicitFileType = wrapper.framework; includeInIndex = 0; path = Pods_CapacitorScan.framework; sourceTree = BUILT_PRODUCTS_DIR; };
		1A4F45E60F7560CC065404D6 /* Pods_CapacitorScanTests.framework */ = {isa = PBXFileReference; explicitFileType = wrapper.framework; includeInIndex = 0; path = Pods_CapacitorScanTests.framework; sourceTree = BUILT_PRODUCTS_DIR; };
		50ADFF88201F53D600D50D53 /* CapacitorScan.framework */ = {isa = PBXFileReference; explicitFileType = wrapper.framework; includeInIndex = 0; path = CapacitorScan.framework; sourceTree = BUILT_PRODUCTS_DIR; };
		50ADFF8B201F53D600D50D53 /* Plugin.h */ = {isa = PBXFileReference; lastKnownFileType = sourcecode.c.h; path = Plugin.h; sourceTree = "<group>"; };
		50ADFF8C201F53D600D50D53 /* Info.plist */ = {isa = PBXFileReference; lastKnownFileType = text.plist.xml; path = Info.plist; sourceTree = "<group>"; };
		50ADFF91201F53D600D50D53 /* CapacitorScanTests.xctest */ = {isa = PBXFileReference; explicitFileType = wrapper.cfbundle; includeInIndex = 0; path = CapacitorScanTests.xctest; sourceTree = BUILT_PRODUCTS_DIR; };
		50ADFF96201F53D600D50D53 /* PluginTests.swift */ = {isa = PBXFileReference; lastKnownFileType = sourcecode.swift; path = PluginTests.swift; sourceTree = "<group>"; };
		50ADFF98201F53D600D50D53 /* Info.plist */ = {isa = PBXFileReference; lastKnownFileType = text.plist.xml; path = Info.plist; sourceTree = "<group>"; };
		50ADFFA52020D75100D50D53 /* Capacitor.framework */ = {isa = PBXFileReference; explicitFileType = wrapper.framework; path = Capacitor.framework; sourceTree = BUILT_PRODUCTS_DIR; };
		5D63C07C54234A27465D484F /* Pods-CapacitorScanTests.release.xcconfig */ = {isa = PBXFileReference; includeInIndex = 1; lastKnownFileType = text.xcconfig; name = "Pods-CapacitorScanTests.release.xcconfig"; path = "Pods/Target Support Files/Pods-CapacitorScanTests/Pods-CapacitorScanTests.release.xcconfig"; sourceTree = "<group>"; };
		5E23F77F099397094342571A /* Pods-Plugin.debug.xcconfig */ = {isa = PBXFileReference; includeInIndex = 1; lastKnownFileType = text.xcconfig; name = "Pods-Plugin.debug.xcconfig"; path = "Pods/Target Support Files/Pods-Plugin/Pods-Plugin.debug.xcconfig"; sourceTree = "<group>"; };
		8DA234577C7C15B1125C4D81 /* Pods-CapacitorScan.debug.xcconfig */ = {isa = PBXFileReference; includeInIndex = 1; lastKnownFileType = text.xcconfig; name = "Pods-CapacitorScan.debug.xcconfig"; path = "Pods/Target Support Files/Pods-CapacitorScan/Pods-CapacitorScan.debug.xcconfig"; sourceTree = "<group>"; };
		91781294A431A2A7CC6EB714 /* Pods-Plugin.release.xcconfig */ = {isa = PBXFileReference; includeInIndex = 1; lastKnownFileType = text.xcconfig; name = "Pods-Plugin.release.xcconfig"; path = "Pods/Target Support Files/Pods-Plugin/Pods-Plugin.release.xcconfig"; sourceTree = "<group>"; };
		962E320C25924CED004FDF57 /* threadbuf.h */ = {isa = PBXFileReference; fileEncoding = 4; lastKnownFileType = sourcecode.c.h; name = threadbuf.h; path = ../../lib/threadbuf.h; sourceTree = "<group>"; };
		962E33FA25929E12004FDF57 /* license.txt */ = {isa = PBXFileReference; fileEncoding = 4; lastKnownFileType = text; path = "Top CPU Contributors.txt"; sourceTree = "<group>"; };
		962E33FE25929E12004FDF57 /* perft.sh */ = {isa = PBXFileReference; fileEncoding = 4; lastKnownFileType = text.script.sh; path = perft.sh; sourceTree = "<group>"; };
		962E33FF25929E12004FDF57 /* reprosearch.sh */ = {isa = PBXFileReference; fileEncoding = 4; lastKnownFileType = text.script.sh; path = reprosearch.sh; sourceTree = "<group>"; };
		962E340025929E12004FDF57 /* README.md */ = {isa = PBXFileReference; fileEncoding = 4; lastKnownFileType = net.daringfireball.markdown; path = README.md; sourceTree = "<group>"; };
		962E340425929E12004FDF57 /* bb_base.hpp */ = {isa = PBXFileReference; fileEncoding = 4; lastKnownFileType = sourcecode.c.hpp; path = bb_base.hpp; sourceTree = "<group>"; };
		962E340425929E12004FDF57 /* bb_index.hpp */ = {isa = PBXFileReference; fileEncoding = 4; lastKnownFileType = sourcecode.c.hpp; path = bb_index.hpp; sourceTree = "<group>"; };
		962E340525929E12004FDF57 /* thread.cpp */ = {isa = PBXFileReference; fileEncoding = 4; lastKnownFileType = sourcecode.cpp.cpp; path = thread.cpp; sourceTree = "<group>"; };
		962E340625929E12004FDF57 /* bb_comp.cpp */ = {isa = PBXFileReference; fileEncoding = 4; lastKnownFileType = sourcecode.cpp.cpp; path = bb_comp.cpp; sourceTree = "<group>"; };
		962E340725929E12004FDF57 /* bb_index.cpp */ = {isa = PBXFileReference; fileEncoding = 4; lastKnownFileType = sourcecode.cpp.cpp; path = bb_index.cpp; sourceTree = "<group>"; };
		962E340925929E12004FDF57 /* bit.cpp */ = {isa = PBXFileReference; fileEncoding = 4; lastKnownFileType = sourcecode.cpp.cpp; path = bit.cpp; sourceTree = "<group>"; };
		962E341625929E12004FDF57 /* bit.hpp */ = {isa = PBXFileReference; fileEncoding = 4; lastKnownFileType = sourcecode.c.hpp; path = bit.hpp; sourceTree = "<group>"; };
		962E341925929E12004FDF57 /* book.hpp */ = {isa = PBXFileReference; fileEncoding = 4; lastKnownFileType = sourcecode.c.hpp; path = book.hpp; sourceTree = "<group>"; };
		962E341925929E12004FDF57 /* book.cpp */ = {isa = PBXFileReference; fileEncoding = 4; lastKnownFileType = sourcecode.c.hpp; path = book.cpp; sourceTree = "<group>"; };
		962E341C25929E12004FDF57 /* common.cpp */ = {isa = PBXFileReference; fileEncoding = 4; lastKnownFileType = sourcecode.cpp.cpp; path = common.cpp; sourceTree = "<group>"; };
		962E341D25929E12004FDF57 /* eval.hpp */ = {isa = PBXFileReference; fileEncoding = 4; lastKnownFileType = sourcecode.c.hpp; path = eval.hpp; sourceTree = "<group>"; };
		962E341E25929E12004FDF57 /* common.hpp */ = {isa = PBXFileReference; fileEncoding = 4; lastKnownFileType = sourcecode.c.hpp; path = common.hpp; sourceTree = "<group>"; };
		962E341F25929E12004FDF57 /* fen.cpp */ = {isa = PBXFileReference; fileEncoding = 4; lastKnownFileType = sourcecode.cpp.cpp; path = fen.cpp; sourceTree = "<group>"; };
		962E342125929E12004FDF57 /* game.hpp */ = {isa = PBXFileReference; fileEncoding = 4; lastKnownFileType = sourcecode.c.hpp; path = game.hpp; sourceTree = "<group>"; };
		962E342425929E12004FDF57 /* gen.cpp */ = {isa = PBXFileReference; fileEncoding = 4; lastKnownFileType = sourcecode.cpp.cpp; path = gen.cpp; sourceTree = "<group>"; };
		962E342525929E12004FDF57 /* fen.hpp */ = {isa = PBXFileReference; fileEncoding = 4; lastKnownFileType = sourcecode.c.hpp; path = fen.hpp; sourceTree = "<group>"; };
		962E342625929E12004FDF57 /* eval.cpp */ = {isa = PBXFileReference; fileEncoding = 4; lastKnownFileType = sourcecode.cpp.cpp; path = eval.cpp; sourceTree = "<group>"; };
		962E342725929E12004FDF57 /* hash.hpp */ = {isa = PBXFileReference; fileEncoding = 4; lastKnownFileType = sourcecode.c.hpp; path = hash.hpp; sourceTree = "<group>"; };
		962E342925929E12004FDF57 /* hub.cpp */ = {isa = PBXFileReference; fileEncoding = 4; lastKnownFileType = sourcecode.cpp.cpp; path = hub.cpp; sourceTree = "<group>"; };
		962E342A25929E12004FDF57 /* hub.hpp */ = {isa = PBXFileReference; fileEncoding = 4; lastKnownFileType = sourcecode.c.hpp; path = hub.hpp; sourceTree = "<group>"; };
		962E342925929E12004FDF57 /* pos.cpp */ = {isa = PBXFileReference; fileEncoding = 4; lastKnownFileType = sourcecode.cpp.cpp; path = pos.cpp; sourceTree = "<group>"; };
		962E342A25929E12004FDF57 /* pos.hpp */ = {isa = PBXFileReference; fileEncoding = 4; lastKnownFileType = sourcecode.c.hpp; path = pos.hpp; sourceTree = "<group>"; };
		962E342925929E12004FDF57 /* score.cpp */ = {isa = PBXFileReference; fileEncoding = 4; lastKnownFileType = sourcecode.cpp.cpp; path = score.cpp; sourceTree = "<group>"; };
		962E342A25929E12004FDF57 /* score.hpp */ = {isa = PBXFileReference; fileEncoding = 4; lastKnownFileType = sourcecode.c.hpp; path = score.hpp; sourceTree = "<group>"; };
		962E342925929E12004FDF57 /* sort.cpp */ = {isa = PBXFileReference; fileEncoding = 4; lastKnownFileType = sourcecode.cpp.cpp; path = sort.cpp; sourceTree = "<group>"; };
		962E342A25929E12004FDF57 /* sort.hpp */ = {isa = PBXFileReference; fileEncoding = 4; lastKnownFileType = sourcecode.c.hpp; path = sort.hpp; sourceTree = "<group>"; };
		962E342925929E12004FDF57 /* var.cpp */ = {isa = PBXFileReference; fileEncoding = 4; lastKnownFileType = sourcecode.cpp.cpp; path = var.cpp; sourceTree = "<group>"; };
		962E342A25929E12004FDF57 /* var.hpp */ = {isa = PBXFileReference; fileEncoding = 4; lastKnownFileType = sourcecode.c.hpp; path = var.hpp; sourceTree = "<group>"; };
		962E342925929E12004FDF57 /* util.cpp */ = {isa = PBXFileReference; fileEncoding = 4; lastKnownFileType = sourcecode.cpp.cpp; path = util.cpp; sourceTree = "<group>"; };
		962E342A25929E12004FDF57 /* util.hpp */ = {isa = PBXFileReference; fileEncoding = 4; lastKnownFileType = sourcecode.c.hpp; path = util.hpp; sourceTree = "<group>"; };
		962E342C25929E12004FDF57 /* libmy.cpp */ = {isa = PBXFileReference; fileEncoding = 4; lastKnownFileType = sourcecode.cpp.cpp; path = libmy.cpp; sourceTree = "<group>"; };
		962E342D25929E12004FDF57 /* thread.hpp */ = {isa = PBXFileReference; fileEncoding = 4; lastKnownFileType = sourcecode.c.hpp; path = thread.hpp; sourceTree = "<group>"; };
		962E342E25929E12004FDF57 /* list.hpp */ = {isa = PBXFileReference; fileEncoding = 4; lastKnownFileType = sourcecode.c.hpp; path = list.hpp; sourceTree = "<group>"; };
		962E342F25929E12004FDF57 /* search.cpp */ = {isa = PBXFileReference; fileEncoding = 4; lastKnownFileType = sourcecode.cpp.cpp; path = search.cpp; sourceTree = "<group>"; };
		962E343125929E12004FDF57 /* gen.hpp */ = {isa = PBXFileReference; fileEncoding = 4; lastKnownFileType = sourcecode.c.hpp; path = gen.hpp; sourceTree = "<group>"; };
		962E343225929E12004FDF57 /* libmy.hpp */ = {isa = PBXFileReference; fileEncoding = 4; lastKnownFileType = sourcecode.c.hpp; path = libmy.hpp; sourceTree = "<group>"; };
		962E343325929E12004FDF57 /* hash.cpp */ = {isa = PBXFileReference; fileEncoding = 4; lastKnownFileType = sourcecode.cpp.cpp; path = hash.cpp; sourceTree = "<group>"; };
		962E343425929E12004FDF57 /* list.cpp */ = {isa = PBXFileReference; fileEncoding = 4; lastKnownFileType = sourcecode.cpp.cpp; path = list.cpp; sourceTree = "<group>"; };
		962E343625929E12004FDF57 /* UNLICENCE */ = {isa = PBXFileReference; fileEncoding = 4; lastKnownFileType = text; path = UNLICENCE; sourceTree = "<group>"; };
		962E343825929E12004FDF57 /* game.cpp */ = {isa = PBXFileReference; fileEncoding = 4; lastKnownFileType = sourcecode.cpp.cpp; path = game.cpp; sourceTree = "<group>"; };
		962E343925929E12004FDF57 /* tt.cpp */ = {isa = PBXFileReference; fileEncoding = 4; lastKnownFileType = sourcecode.cpp.cpp; path = tt.cpp; sourceTree = "<group>"; };
		962E343A25929E12004FDF57 /* search.hpp */ = {isa = PBXFileReference; fileEncoding = 4; lastKnownFileType = sourcecode.c.hpp; path = search.hpp; sourceTree = "<group>"; };
		962E343B25929E12004FDF57 /* tt.hpp */ = {isa = PBXFileReference; fileEncoding = 4; lastKnownFileType = sourcecode.c.hpp; path = tt.hpp; sourceTree = "<group>"; };
		962E343D25929E12004FDF57 /* main.hpp */ = {isa = PBXFileReference; fileEncoding = 4; lastKnownFileType = sourcecode.c.hpp; path = main.hpp; sourceTree = "<group>"; };
		962E343E25929E12004FDF57 /* move.hpp */ = {isa = PBXFileReference; fileEncoding = 4; lastKnownFileType = sourcecode.c.hpp; path = move.hpp; sourceTree = "<group>"; };
		962E343F25929E12004FDF57 /* bb_comp.hpp */ = {isa = PBXFileReference; fileEncoding = 4; lastKnownFileType = sourcecode.c.hpp; path = bb_comp.hpp; sourceTree = "<group>"; };
		962E344025929E12004FDF57 /* move.cpp */ = {isa = PBXFileReference; fileEncoding = 4; lastKnownFileType = sourcecode.cpp.cpp; path = move.cpp; sourceTree = "<group>"; };
		962E344125929E12004FDF57 /* main.cpp */ = {isa = PBXFileReference; fileEncoding = 4; lastKnownFileType = sourcecode.cpp.cpp; path = main.cpp; sourceTree = "<group>"; };
		962E344225929E12004FDF57 /* bb_base.cpp */ = {isa = PBXFileReference; fileEncoding = 4; lastKnownFileType = sourcecode.cpp.cpp; path = bb_base.cpp; sourceTree = "<group>"; };
		962E34CA259359D4004FDF57 /* ScanSendOutput.h */ = {isa = PBXFileReference; lastKnownFileType = sourcecode.c.h; path = ScanSendOutput.h; sourceTree = "<group>"; };
		962E35B12594EE7E004FDF57 /* Plugin.m */ = {isa = PBXFileReference; fileEncoding = 4; lastKnownFileType = sourcecode.c.objc; path = Plugin.m; sourceTree = "<group>"; };
		962E35B52594EEA9004FDF57 /* Plugin.swift */ = {isa = PBXFileReference; fileEncoding = 4; lastKnownFileType = sourcecode.swift; path = Plugin.swift; sourceTree = "<group>"; };
		962E35BB2594EECE004FDF57 /* ScanBridge.h */ = {isa = PBXFileReference; fileEncoding = 4; lastKnownFileType = sourcecode.c.h; path = ScanBridge.h; sourceTree = "<group>"; };
		962E35C12594EF0A004FDF57 /* ScanBridge.mm */ = {isa = PBXFileReference; fileEncoding = 4; lastKnownFileType = sourcecode.cpp.objcpp; path = ScanBridge.mm; sourceTree = "<group>"; };
		96A9B8032591EE5C00389888 /* Scan.cpp */ = {isa = PBXFileReference; lastKnownFileType = sourcecode.cpp.cpp; path = Scan.cpp; sourceTree = "<group>"; };
		96A9B8042591EE5C00389888 /* Scan.hpp */ = {isa = PBXFileReference; lastKnownFileType = sourcecode.cpp.h; path = Scan.hpp; sourceTree = "<group>"; };
		96ED1B6440D6672E406C8D19 /* Pods-PluginTests.debug.xcconfig */ = {isa = PBXFileReference; includeInIndex = 1; lastKnownFileType = text.xcconfig; name = "Pods-PluginTests.debug.xcconfig"; path = "Pods/Target Support Files/Pods-PluginTests/Pods-PluginTests.debug.xcconfig"; sourceTree = "<group>"; };
		99D4A9A5260F6E124D15E3BC /* Pods-CapacitorScan.release.xcconfig */ = {isa = PBXFileReference; includeInIndex = 1; lastKnownFileType = text.xcconfig; name = "Pods-CapacitorScan.release.xcconfig"; path = "Pods/Target Support Files/Pods-CapacitorScan/Pods-CapacitorScan.release.xcconfig"; sourceTree = "<group>"; };
		9CF44169270CCEC5001CCB34 /* module.mapfile */ = {isa = PBXFileReference; lastKnownFileType = text; path = module.mapfile; sourceTree = "<group>"; };
		F65BB2953ECE002E1EF3E424 /* Pods-PluginTests.release.xcconfig */ = {isa = PBXFileReference; includeInIndex = 1; lastKnownFileType = text.xcconfig; name = "Pods-PluginTests.release.xcconfig"; path = "Pods/Target Support Files/Pods-PluginTests/Pods-PluginTests.release.xcconfig"; sourceTree = "<group>"; };
		FE5F57511F075335E1DDC2B3 /* Pods-CapacitorScanTests.debug.xcconfig */ = {isa = PBXFileReference; includeInIndex = 1; lastKnownFileType = text.xcconfig; name = "Pods-CapacitorScanTests.debug.xcconfig"; path = "Pods/Target Support Files/Pods-CapacitorScanTests/Pods-CapacitorScanTests.debug.xcconfig"; sourceTree = "<group>"; };
/* End PBXFileReference section */

/* Begin PBXFrameworksBuildPhase section */
		50ADFF84201F53D600D50D53 /* Frameworks */ = {
			isa = PBXFrameworksBuildPhase;
			buildActionMask = 2147483647;
			files = (
				50ADFFA42020D75100D50D53 /* Capacitor.framework in Frameworks */,
				CCE40D3A587C6D1F016D58B4 /* Pods_CapacitorScan.framework in Frameworks */,
			);
			runOnlyForDeploymentPostprocessing = 0;
		};
		50ADFF8E201F53D600D50D53 /* Frameworks */ = {
			isa = PBXFrameworksBuildPhase;
			buildActionMask = 2147483647;
			files = (
				50ADFF92201F53D600D50D53 /* CapacitorScan.framework in Frameworks */,
				505434B1279A3BDFE4186EA2 /* Pods_CapacitorScanTests.framework in Frameworks */,
			);
			runOnlyForDeploymentPostprocessing = 0;
		};
/* End PBXFrameworksBuildPhase section */

/* Begin PBXGroup section */
		50ADFF7E201F53D600D50D53 = {
			isa = PBXGroup;
			children = (
				50ADFF8A201F53D600D50D53 /* Plugin */,
				50ADFF95201F53D600D50D53 /* PluginTests */,
				50ADFF89201F53D600D50D53 /* Products */,
				8C8E7744173064A9F6D438E3 /* Pods */,
				A797B9EFA3DCEFEA1FBB66A9 /* Frameworks */,
			);
			sourceTree = "<group>";
		};
		50ADFF89201F53D600D50D53 /* Products */ = {
			isa = PBXGroup;
			children = (
				50ADFF88201F53D600D50D53 /* CapacitorScan.framework */,
				50ADFF91201F53D600D50D53 /* CapacitorScanTests.xctest */,
			);
			name = Products;
			sourceTree = "<group>";
		};
		50ADFF8A201F53D600D50D53 /* Plugin */ = {
			isa = PBXGroup;
			children = (
				962E33F725929E12004FDF57 /* scan */,
				962E320C25924CED004FDF57 /* threadbuf.h */,
				962E35B52594EEA9004FDF57 /* Plugin.swift */,
				50ADFF8B201F53D600D50D53 /* Plugin.h */,
				962E35B12594EE7E004FDF57 /* Plugin.m */,
				50ADFF8C201F53D600D50D53 /* Info.plist */,
				96A9B8032591EE5C00389888 /* Scan.cpp */,
				96A9B8042591EE5C00389888 /* Scan.hpp */,
				962E34CA259359D4004FDF57 /* ScanSendOutput.h */,
				962E35BB2594EECE004FDF57 /* ScanBridge.h */,
				962E35C12594EF0A004FDF57 /* ScanBridge.mm */,
				9CF44169270CCEC5001CCB34 /* module.mapfile */,
			);
			path = Plugin;
			sourceTree = "<group>";
		};
		50ADFF95201F53D600D50D53 /* PluginTests */ = {
			isa = PBXGroup;
			children = (
				50ADFF96201F53D600D50D53 /* PluginTests.swift */,
				50ADFF98201F53D600D50D53 /* Info.plist */,
			);
			path = PluginTests;
			sourceTree = "<group>";
		};
		8C8E7744173064A9F6D438E3 /* Pods */ = {
			isa = PBXGroup;
			children = (
				5E23F77F099397094342571A /* Pods-Plugin.debug.xcconfig */,
				91781294A431A2A7CC6EB714 /* Pods-Plugin.release.xcconfig */,
				96ED1B6440D6672E406C8D19 /* Pods-PluginTests.debug.xcconfig */,
				F65BB2953ECE002E1EF3E424 /* Pods-PluginTests.release.xcconfig */,
				8DA234577C7C15B1125C4D81 /* Pods-CapacitorScan.debug.xcconfig */,
				99D4A9A5260F6E124D15E3BC /* Pods-CapacitorScan.release.xcconfig */,
				FE5F57511F075335E1DDC2B3 /* Pods-CapacitorScanTests.debug.xcconfig */,
				5D63C07C54234A27465D484F /* Pods-CapacitorScanTests.release.xcconfig */,
			);
			name = Pods;
			sourceTree = "<group>";
		};
		962E33F725929E12004FDF57 /* scan */ = {
			isa = PBXGroup;
			children = (
				962E33F825929E12004FDF57 /* Copying.txt */,
				962E33FA25929E12004FDF57 /* license.txt */,
				962E340025929E12004FDF57 /* README.md */,
				962E340325929E12004FDF57 /* src */,
			);
			name = scan;
			path = ../../scan;
			sourceTree = "<group>";
		};
		962E340325929E12004FDF57 /* src */ = {
			isa = PBXGroup;
			children = (
				962E340425929E12004FDF57 /* bb_base.cpp */,
				962E340525929E12004FDF57 /* bb_base.hpp */,
				962E340425929E12004FDF57 /* bb_comp.cpp */,
				962E340525929E12004FDF57 /* bb_comp.hpp */,
				962E340425929E12004FDF57 /* bb_index.cpp */,
				962E340525929E12004FDF57 /* bb_index.hpp */,
				962E340425929E12004FDF57 /* bit.cpp */,
				962E340525929E12004FDF57 /* bit.hpp */,
				962E340425929E12004FDF57 /* book.cpp */,
				962E340525929E12004FDF57 /* book.hpp */,
				962E340425929E12004FDF57 /* common.cpp */,
				962E340525929E12004FDF57 /* common.hpp */,
				962E340425929E12004FDF57 /* eval.cpp */,
				962E340525929E12004FDF57 /* eval.hpp */,
				962E340425929E12004FDF57 /* fen.cpp */,
				962E340525929E12004FDF57 /* fen.hpp */,
				962E340425929E12004FDF57 /* game.cpp */,
				962E340525929E12004FDF57 /* game.hpp */,
				962E340425929E12004FDF57 /* gen.cpp */,
				962E340525929E12004FDF57 /* gen.hpp */,
				962E340425929E12004FDF57 /* hash.cpp */,
				962E340525929E12004FDF57 /* hash.hpp */,
				962E340425929E12004FDF57 /* hub.cpp */,
				962E340525929E12004FDF57 /* hub.hpp */,
				962E340425929E12004FDF57 /* libmy.cpp */,
				962E340525929E12004FDF57 /* libmy.hpp */,
				962E340425929E12004FDF57 /* list.cpp */,
				962E340525929E12004FDF57 /* list.hpp */,
				962E340425929E12004FDF57 /* main.cpp */,
				962E340525929E12004FDF57 /* main.hpp */,
				962E340425929E12004FDF57 /* move.cpp */,
				962E340525929E12004FDF57 /* move.hpp */,
				962E340425929E12004FDF57 /* pos.cpp */,
				962E340525929E12004FDF57 /* pos.hpp */,
				962E340425929E12004FDF57 /* score.cpp */,
				962E340525929E12004FDF57 /* score.hpp */,
				962E340425929E12004FDF57 /* search.cpp */,
				962E340525929E12004FDF57 /* search.hpp */,
				962E340425929E12004FDF57 /* sort.cpp */,
				962E340525929E12004FDF57 /* sort.hpp */,
				962E340425929E12004FDF57 /* thread.cpp */,
				962E340525929E12004FDF57 /* thread.hpp */,
				962E340425929E12004FDF57 /* tt.cpp */,
				962E340525929E12004FDF57 /* tt.hpp */,
				962E340425929E12004FDF57 /* util.cpp */,
				962E340525929E12004FDF57 /* util.hpp */,
				962E340425929E12004FDF57 /* var.cpp */,
				962E340525929E12004FDF57 /* var.hpp */,
			);
			path = src;
			sourceTree = "<group>";
		};
		A797B9EFA3DCEFEA1FBB66A9 /* Frameworks */ = {
			isa = PBXGroup;
			children = (
				50ADFFA52020D75100D50D53 /* Capacitor.framework */,
				1189AE862AA20B7F3E41267F /* Pods_CapacitorScan.framework */,
				1A4F45E60F7560CC065404D6 /* Pods_CapacitorScanTests.framework */,
			);
			name = Frameworks;
			sourceTree = "<group>";
		};
/* End PBXGroup section */

/* Begin PBXHeadersBuildPhase section */
		50ADFF85201F53D600D50D53 /* Headers */ = {
			isa = PBXHeadersBuildPhase;
			buildActionMask = 2147483647;
			files = (
				962E340525929E12004FDF57 /* bb_base.hpp */,
				962E340525929E12004FDF57 /* bb_comp.hpp */,
				962E340525929E12004FDF57 /* bb_index.hpp */,
				962E340525929E12004FDF57 /* bit.hpp */,
				962E340525929E12004FDF57 /* book.hpp */,
				962E340525929E12004FDF57 /* common.hpp */,
				962E340525929E12004FDF57 /* eval.hpp */,
				962E340525929E12004FDF57 /* fen.hpp */,
				962E340525929E12004FDF57 /* game.hpp */,
				962E340525929E12004FDF57 /* gen.hpp */,
				962E340525929E12004FDF57 /* hash.hpp */,
				962E340525929E12004FDF57 /* hub.hpp */,
				962E340525929E12004FDF57 /* libmy.hpp */,
				962E340525929E12004FDF57 /* list.hpp */,
				962E340525929E12004FDF57 /* main.hpp */,
				962E340525929E12004FDF57 /* move.hpp */,
				962E340525929E12004FDF57 /* pos.hpp */,
				962E340525929E12004FDF57 /* score.hpp */,
				962E340525929E12004FDF57 /* search.hpp */,
				962E340525929E12004FDF57 /* sort.hpp */,
				962E340525929E12004FDF57 /* thread.hpp */,
				962E340525929E12004FDF57 /* tt.hpp */,
				962E340525929E12004FDF57 /* util.hpp */,
				962E340525929E12004FDF57 /* var.hpp */,
				962E34CB259359D4004FDF57 /* ScanSendOutput.h in Headers */,
				50ADFF99201F53D600D50D53 /* Plugin.h in Headers */,
				962E320D25924CED004FDF57 /* threadbuf.h in Headers */,
				96A9B8062591EE5C00389888 /* Scan.hpp in Headers */,
				962E35BC2594EECE004FDF57 /* ScanBridge.h in Headers */,
			);
			runOnlyForDeploymentPostprocessing = 0;
		};
/* End PBXHeadersBuildPhase section */

/* Begin PBXNativeTarget section */
		50ADFF87201F53D600D50D53 /* CapacitorScan */ = {
			isa = PBXNativeTarget;
			buildConfigurationList = 50ADFF9C201F53D600D50D53 /* Build configuration list for PBXNativeTarget "CapacitorScan" */;
			buildPhases = (
				AB5B3E54B4E897F32C2279DA /* [CP] Check Pods Manifest.lock */,
				50ADFF83201F53D600D50D53 /* Sources */,
				50ADFF84201F53D600D50D53 /* Frameworks */,
				50ADFF85201F53D600D50D53 /* Headers */,
				50ADFF86201F53D600D50D53 /* Resources */,
			);
			buildRules = (
			);
			dependencies = (
			);
			name = CapacitorScan;
			productName = Plugin;
			productReference = 50ADFF88201F53D600D50D53 /* CapacitorScan.framework */;
			productType = "com.apple.product-type.framework";
		};
		50ADFF90201F53D600D50D53 /* CapacitorScanTests */ = {
			isa = PBXNativeTarget;
			buildConfigurationList = 50ADFF9F201F53D600D50D53 /* Build configuration list for PBXNativeTarget "CapacitorScanTests" */;
			buildPhases = (
				0596884F929ED6F1DE134961 /* [CP] Check Pods Manifest.lock */,
				50ADFF8D201F53D600D50D53 /* Sources */,
				50ADFF8E201F53D600D50D53 /* Frameworks */,
				50ADFF8F201F53D600D50D53 /* Resources */,
				CCA81D3B7E26D0D727D24C84 /* [CP] Embed Pods Frameworks */,
			);
			buildRules = (
			);
			dependencies = (
				50ADFF94201F53D600D50D53 /* PBXTargetDependency */,
			);
			name = CapacitorScanTests;
			productName = PluginTests;
			productReference = 50ADFF91201F53D600D50D53 /* CapacitorScanTests.xctest */;
			productType = "com.apple.product-type.bundle.unit-test";
		};
/* End PBXNativeTarget section */

/* Begin PBXProject section */
		50ADFF7F201F53D600D50D53 /* Project object */ = {
			isa = PBXProject;
			attributes = {
				LastSwiftUpdateCheck = 0920;
				LastUpgradeCheck = 1240;
				ORGANIZATIONNAME = "Max Lynch";
				TargetAttributes = {
					50ADFF87201F53D600D50D53 = {
						CreatedOnToolsVersion = 9.2;
						LastSwiftMigration = 1230;
						ProvisioningStyle = Automatic;
					};
					50ADFF90201F53D600D50D53 = {
						CreatedOnToolsVersion = 9.2;
						LastSwiftMigration = 1100;
						ProvisioningStyle = Automatic;
					};
				};
			};
			buildConfigurationList = 50ADFF82201F53D600D50D53 /* Build configuration list for PBXProject "CapacitorScan" */;
			compatibilityVersion = "Xcode 8.0";
			developmentRegion = en;
			hasScannedForEncodings = 0;
			knownRegions = (
				en,
			);
			mainGroup = 50ADFF7E201F53D600D50D53;
			productRefGroup = 50ADFF89201F53D600D50D53 /* Products */;
			projectDirPath = "";
			projectRoot = "";
			targets = (
				50ADFF87201F53D600D50D53 /* CapacitorScan */,
				50ADFF90201F53D600D50D53 /* CapacitorScanTests */,
			);
		};
/* End PBXProject section */

/* Begin PBXResourcesBuildPhase section */
		50ADFF86201F53D600D50D53 /* Resources */ = {
			isa = PBXResourcesBuildPhase;
			buildActionMask = 2147483647;
			files = (
				962E344525929E12004FDF57 /* license.txt in Resources */,
				962E344A25929E12004FDF57 /* README.md in Resources */,
			);
			runOnlyForDeploymentPostprocessing = 0;
		};
		50ADFF8F201F53D600D50D53 /* Resources */ = {
			isa = PBXResourcesBuildPhase;
			buildActionMask = 2147483647;
			files = (
			);
			runOnlyForDeploymentPostprocessing = 0;
		};
/* End PBXResourcesBuildPhase section */

/* Begin PBXShellScriptBuildPhase section */
		0596884F929ED6F1DE134961 /* [CP] Check Pods Manifest.lock */ = {
			isa = PBXShellScriptBuildPhase;
			buildActionMask = 2147483647;
			files = (
			);
			inputPaths = (
				"${PODS_PODFILE_DIR_PATH}/Podfile.lock",
				"${PODS_ROOT}/Manifest.lock",
			);
			name = "[CP] Check Pods Manifest.lock";
			outputPaths = (
				"$(DERIVED_FILE_DIR)/Pods-CapacitorScanTests-checkManifestLockResult.txt",
			);
			runOnlyForDeploymentPostprocessing = 0;
			shellPath = /bin/sh;
			shellScript = "diff \"${PODS_PODFILE_DIR_PATH}/Podfile.lock\" \"${PODS_ROOT}/Manifest.lock\" > /dev/null\nif [ $? != 0 ] ; then\n    # print error to STDERR\n    echo \"error: The sandbox is not in sync with the Podfile.lock. Run 'pod install' or update your CocoaPods installation.\" >&2\n    exit 1\nfi\n# This output is used by Xcode 'outputs' to avoid re-running this script phase.\necho \"SUCCESS\" > \"${SCRIPT_OUTPUT_FILE_0}\"\n";
			showEnvVarsInLog = 0;
		};
		AB5B3E54B4E897F32C2279DA /* [CP] Check Pods Manifest.lock */ = {
			isa = PBXShellScriptBuildPhase;
			buildActionMask = 2147483647;
			files = (
			);
			inputPaths = (
				"${PODS_PODFILE_DIR_PATH}/Podfile.lock",
				"${PODS_ROOT}/Manifest.lock",
			);
			name = "[CP] Check Pods Manifest.lock";
			outputPaths = (
				"$(DERIVED_FILE_DIR)/Pods-CapacitorScan-checkManifestLockResult.txt",
			);
			runOnlyForDeploymentPostprocessing = 0;
			shellPath = /bin/sh;
			shellScript = "diff \"${PODS_PODFILE_DIR_PATH}/Podfile.lock\" \"${PODS_ROOT}/Manifest.lock\" > /dev/null\nif [ $? != 0 ] ; then\n    # print error to STDERR\n    echo \"error: The sandbox is not in sync with the Podfile.lock. Run 'pod install' or update your CocoaPods installation.\" >&2\n    exit 1\nfi\n# This output is used by Xcode 'outputs' to avoid re-running this script phase.\necho \"SUCCESS\" > \"${SCRIPT_OUTPUT_FILE_0}\"\n";
			showEnvVarsInLog = 0;
		};
		CCA81D3B7E26D0D727D24C84 /* [CP] Embed Pods Frameworks */ = {
			isa = PBXShellScriptBuildPhase;
			buildActionMask = 2147483647;
			files = (
			);
			inputPaths = (
				"${PODS_ROOT}/Target Support Files/Pods-CapacitorScanTests/Pods-CapacitorScanTests-frameworks.sh",
				"${BUILT_PRODUCTS_DIR}/Capacitor/Capacitor.framework",
				"${BUILT_PRODUCTS_DIR}/CapacitorCordova/Cordova.framework",
			);
			name = "[CP] Embed Pods Frameworks";
			outputPaths = (
				"${TARGET_BUILD_DIR}/${FRAMEWORKS_FOLDER_PATH}/Capacitor.framework",
				"${TARGET_BUILD_DIR}/${FRAMEWORKS_FOLDER_PATH}/Cordova.framework",
			);
			runOnlyForDeploymentPostprocessing = 0;
			shellPath = /bin/sh;
			shellScript = "\"${PODS_ROOT}/Target Support Files/Pods-CapacitorScanTests/Pods-CapacitorScanTests-frameworks.sh\"\n";
			showEnvVarsInLog = 0;
		};
/* End PBXShellScriptBuildPhase section */

/* Begin PBXSourcesBuildPhase section */
		50ADFF83201F53D600D50D53 /* Sources */ = {
			isa = PBXSourcesBuildPhase;
			buildActionMask = 2147483647;
			files = (
				962E340425929E12004FDF57 /* bb_base.cpp */,
				962E340425929E12004FDF57 /* bb_comp.cpp */,
				962E340425929E12004FDF57 /* bb_index.cpp */,
				962E340425929E12004FDF57 /* bit.cpp */,
				962E340425929E12004FDF57 /* book.cpp */,
				962E340425929E12004FDF57 /* common.cpp */,
				962E340425929E12004FDF57 /* eval.cpp */,
				962E340425929E12004FDF57 /* fen.cpp */,
				962E340425929E12004FDF57 /* game.cpp */,
				962E340425929E12004FDF57 /* gen.cpp */,
				962E340425929E12004FDF57 /* hash.cpp */,
				962E340425929E12004FDF57 /* hub.cpp */,
				962E340425929E12004FDF57 /* libmy.cpp */,
				962E340425929E12004FDF57 /* list.cpp */,
				962E340425929E12004FDF57 /* main.cpp */,
				962E340425929E12004FDF57 /* move.cpp */,
				962E340425929E12004FDF57 /* pos.cpp */,
				962E340425929E12004FDF57 /* score.cpp */,
				962E340425929E12004FDF57 /* search.cpp */,
				962E340425929E12004FDF57 /* sort.cpp */,
				962E340425929E12004FDF57 /* thread.cpp */,
				962E340425929E12004FDF57 /* tt.cpp */,
				962E340425929E12004FDF57 /* util.cpp */,
				962E340425929E12004FDF57 /* var.cpp */,
				962E35C22594EF0A004FDF57 /* ScanBridge.mm in Sources */,
				96A9B8052591EE5C00389888 /* Scan.cpp in Sources */,
				962E35B62594EEA9004FDF57 /* Plugin.swift in Sources */,
				962E35B22594EE7E004FDF57 /* Plugin.m in Sources */,
			);
			runOnlyForDeploymentPostprocessing = 0;
		};
		50ADFF8D201F53D600D50D53 /* Sources */ = {
			isa = PBXSourcesBuildPhase;
			buildActionMask = 2147483647;
			files = (
				50ADFF97201F53D600D50D53 /* PluginTests.swift in Sources */,
			);
			runOnlyForDeploymentPostprocessing = 0;
		};
/* End PBXSourcesBuildPhase section */

/* Begin PBXTargetDependency section */
		50ADFF94201F53D600D50D53 /* PBXTargetDependency */ = {
			isa = PBXTargetDependency;
			target = 50ADFF87201F53D600D50D53 /* CapacitorScan */;
			targetProxy = 50ADFF93201F53D600D50D53 /* PBXContainerItemProxy */;
		};
/* End PBXTargetDependency section */

/* Begin XCBuildConfiguration section */
		50ADFF9A201F53D600D50D53 /* Debug */ = {
			isa = XCBuildConfiguration;
			buildSettings = {
				ALWAYS_SEARCH_USER_PATHS = NO;
				CLANG_ALLOW_NON_MODULAR_INCLUDES_IN_FRAMEWORK_MODULES = YES;
				CLANG_ANALYZER_NONNULL = YES;
				CLANG_ANALYZER_NUMBER_OBJECT_CONVERSION = YES_AGGRESSIVE;
				CLANG_CXX_LANGUAGE_STANDARD = "gnu++14";
				CLANG_CXX_LIBRARY = "libc++";
				CLANG_ENABLE_MODULES = YES;
				CLANG_ENABLE_OBJC_ARC = YES;
				CLANG_WARN_BLOCK_CAPTURE_AUTORELEASING = YES;
				CLANG_WARN_BOOL_CONVERSION = YES;
				CLANG_WARN_COMMA = YES;
				CLANG_WARN_CONSTANT_CONVERSION = YES;
				CLANG_WARN_DEPRECATED_OBJC_IMPLEMENTATIONS = YES;
				CLANG_WARN_DIRECT_OBJC_ISA_USAGE = YES_ERROR;
				CLANG_WARN_DOCUMENTATION_COMMENTS = YES;
				CLANG_WARN_EMPTY_BODY = YES;
				CLANG_WARN_ENUM_CONVERSION = YES;
				CLANG_WARN_INFINITE_RECURSION = YES;
				CLANG_WARN_INT_CONVERSION = YES;
				CLANG_WARN_NON_LITERAL_NULL_CONVERSION = YES;
				CLANG_WARN_OBJC_IMPLICIT_RETAIN_SELF = YES;
				CLANG_WARN_OBJC_LITERAL_CONVERSION = YES;
				CLANG_WARN_OBJC_ROOT_CLASS = YES_ERROR;
				CLANG_WARN_QUOTED_INCLUDE_IN_FRAMEWORK_HEADER = YES;
				CLANG_WARN_RANGE_LOOP_ANALYSIS = YES;
				CLANG_WARN_STRICT_PROTOTYPES = YES;
				CLANG_WARN_SUSPICIOUS_MOVE = YES;
				CLANG_WARN_UNGUARDED_AVAILABILITY = YES_AGGRESSIVE;
				CLANG_WARN_UNREACHABLE_CODE = YES;
				CLANG_WARN__DUPLICATE_METHOD_MATCH = YES;
				CODE_SIGN_IDENTITY = "iPhone Developer";
				COPY_PHASE_STRIP = NO;
				CURRENT_PROJECT_VERSION = 1;
				DEBUG_INFORMATION_FORMAT = dwarf;
				ENABLE_STRICT_OBJC_MSGSEND = YES;
				ENABLE_TESTABILITY = YES;
				GCC_C_LANGUAGE_STANDARD = gnu11;
				GCC_DYNAMIC_NO_PIC = NO;
				GCC_NO_COMMON_BLOCKS = YES;
				GCC_OPTIMIZATION_LEVEL = 0;
				GCC_PREPROCESSOR_DEFINITIONS = (
					"DEBUG=1",
					"$(inherited)",
				);
				GCC_WARN_64_TO_32_BIT_CONVERSION = YES;
				GCC_WARN_ABOUT_RETURN_TYPE = YES_ERROR;
				GCC_WARN_UNDECLARED_SELECTOR = YES;
				GCC_WARN_UNINITIALIZED_AUTOS = YES_AGGRESSIVE;
				GCC_WARN_UNUSED_FUNCTION = YES;
				GCC_WARN_UNUSED_VARIABLE = YES;
				IPHONEOS_DEPLOYMENT_TARGET = 12.1;
				MTL_ENABLE_DEBUG_INFO = YES;
				ONLY_ACTIVE_ARCH = YES;
				OTHER_CPLUSPLUSFLAGS = "";
				SDKROOT = iphoneos;
				SWIFT_ACTIVE_COMPILATION_CONDITIONS = DEBUG;
				SWIFT_OPTIMIZATION_LEVEL = "-Onone";
				VERSIONING_SYSTEM = "apple-generic";
				VERSION_INFO_PREFIX = "";
			};
			name = Debug;
		};
		50ADFF9B201F53D600D50D53 /* Release */ = {
			isa = XCBuildConfiguration;
			buildSettings = {
				ALWAYS_SEARCH_USER_PATHS = NO;
				CLANG_ALLOW_NON_MODULAR_INCLUDES_IN_FRAMEWORK_MODULES = YES;
				CLANG_ANALYZER_NONNULL = YES;
				CLANG_ANALYZER_NUMBER_OBJECT_CONVERSION = YES_AGGRESSIVE;
				CLANG_CXX_LANGUAGE_STANDARD = "gnu++14";
				CLANG_CXX_LIBRARY = "libc++";
				CLANG_ENABLE_MODULES = YES;
				CLANG_ENABLE_OBJC_ARC = YES;
				CLANG_WARN_BLOCK_CAPTURE_AUTORELEASING = YES;
				CLANG_WARN_BOOL_CONVERSION = YES;
				CLANG_WARN_COMMA = YES;
				CLANG_WARN_CONSTANT_CONVERSION = YES;
				CLANG_WARN_DEPRECATED_OBJC_IMPLEMENTATIONS = YES;
				CLANG_WARN_DIRECT_OBJC_ISA_USAGE = YES_ERROR;
				CLANG_WARN_DOCUMENTATION_COMMENTS = YES;
				CLANG_WARN_EMPTY_BODY = YES;
				CLANG_WARN_ENUM_CONVERSION = YES;
				CLANG_WARN_INFINITE_RECURSION = YES;
				CLANG_WARN_INT_CONVERSION = YES;
				CLANG_WARN_NON_LITERAL_NULL_CONVERSION = YES;
				CLANG_WARN_OBJC_IMPLICIT_RETAIN_SELF = YES;
				CLANG_WARN_OBJC_LITERAL_CONVERSION = YES;
				CLANG_WARN_OBJC_ROOT_CLASS = YES_ERROR;
				CLANG_WARN_QUOTED_INCLUDE_IN_FRAMEWORK_HEADER = YES;
				CLANG_WARN_RANGE_LOOP_ANALYSIS = YES;
				CLANG_WARN_STRICT_PROTOTYPES = YES;
				CLANG_WARN_SUSPICIOUS_MOVE = YES;
				CLANG_WARN_UNGUARDED_AVAILABILITY = YES_AGGRESSIVE;
				CLANG_WARN_UNREACHABLE_CODE = YES;
				CLANG_WARN__DUPLICATE_METHOD_MATCH = YES;
				CODE_SIGN_IDENTITY = "iPhone Developer";
				COPY_PHASE_STRIP = NO;
				CURRENT_PROJECT_VERSION = 1;
				DEBUG_INFORMATION_FORMAT = "dwarf-with-dsym";
				ENABLE_NS_ASSERTIONS = NO;
				ENABLE_STRICT_OBJC_MSGSEND = YES;
				GCC_C_LANGUAGE_STANDARD = gnu11;
				GCC_NO_COMMON_BLOCKS = YES;
				GCC_WARN_64_TO_32_BIT_CONVERSION = YES;
				GCC_WARN_ABOUT_RETURN_TYPE = YES_ERROR;
				GCC_WARN_UNDECLARED_SELECTOR = YES;
				GCC_WARN_UNINITIALIZED_AUTOS = YES_AGGRESSIVE;
				GCC_WARN_UNUSED_FUNCTION = YES;
				GCC_WARN_UNUSED_VARIABLE = YES;
				IPHONEOS_DEPLOYMENT_TARGET = 12.1;
				MTL_ENABLE_DEBUG_INFO = NO;
				OTHER_CPLUSPLUSFLAGS = "";
				SDKROOT = iphoneos;
				SWIFT_OPTIMIZATION_LEVEL = "-Owholemodule";
				VALIDATE_PRODUCT = YES;
				VERSIONING_SYSTEM = "apple-generic";
				VERSION_INFO_PREFIX = "";
			};
			name = Release;
		};
		50ADFF9D201F53D600D50D53 /* Debug */ = {
			isa = XCBuildConfiguration;
			baseConfigurationReference = 8DA234577C7C15B1125C4D81 /* Pods-CapacitorScan.debug.xcconfig */;
			buildSettings = {
				CLANG_CXX_LANGUAGE_STANDARD = "c++14";
				CLANG_ENABLE_MODULES = YES;
				CODE_SIGN_IDENTITY = "";
				CODE_SIGN_STYLE = Automatic;
				DEFINES_MODULE = YES;
				DYLIB_COMPATIBILITY_VERSION = 1;
				DYLIB_CURRENT_VERSION = 1;
				DYLIB_INSTALL_NAME_BASE = "@rpath";
				GCC_PREPROCESSOR_DEFINITIONS = (
					"$(inherited)",
				);
				INFOPLIST_FILE = Plugin/Info.plist;
				INSTALL_PATH = "$(LOCAL_LIBRARY_DIR)/Frameworks";
				IPHONEOS_DEPLOYMENT_TARGET = 12.0;
				LD_RUNPATH_SEARCH_PATHS = "$(inherited) @executable_path/Frameworks @loader_path/Frameworks $(FRAMEWORK_SEARCH_PATHS)\n$(FRAMEWORK_SEARCH_PATHS)\n$(FRAMEWORK_SEARCH_PATHS)";
				MODULEMAP_FILE = Plugin/module.mapfile;
				ONLY_ACTIVE_ARCH = YES;
				OTHER_CPLUSPLUSFLAGS = (
					"-fmodules",
					"-fcxx-modules",
					"-fexceptions",
					"-std=c++14",
					"-DHAVE_PTHREAD=1",
					"-O3",
				);
				PRODUCT_BUNDLE_IDENTIFIER = com.getcapacitor.Plugin;
				PRODUCT_NAME = "$(TARGET_NAME:c99extidentifier)";
				SKIP_INSTALL = YES;
				SUPPORTS_MACCATALYST = NO;
				SWIFT_OBJC_BRIDGING_HEADER = "";
				SWIFT_OPTIMIZATION_LEVEL = "-Onone";
				SWIFT_VERSION = 5.0;
				TARGETED_DEVICE_FAMILY = "1,2";
				USER_HEADER_SEARCH_PATHS = "$(PROJECT_DIR)/../scan/src";
			};
			name = Debug;
		};
		50ADFF9E201F53D600D50D53 /* Release */ = {
			isa = XCBuildConfiguration;
			baseConfigurationReference = 99D4A9A5260F6E124D15E3BC /* Pods-CapacitorScan.release.xcconfig */;
			buildSettings = {
				CLANG_CXX_LANGUAGE_STANDARD = "c++14";
				CLANG_ENABLE_MODULES = YES;
				CODE_SIGN_IDENTITY = "";
				CODE_SIGN_STYLE = Automatic;
				DEFINES_MODULE = YES;
				DYLIB_COMPATIBILITY_VERSION = 1;
				DYLIB_CURRENT_VERSION = 1;
				DYLIB_INSTALL_NAME_BASE = "@rpath";
				GCC_PREPROCESSOR_DEFINITIONS = (
					"$(inherited)",
				);
				INFOPLIST_FILE = Plugin/Info.plist;
				INSTALL_PATH = "$(LOCAL_LIBRARY_DIR)/Frameworks";
				IPHONEOS_DEPLOYMENT_TARGET = 12.0;
				LD_RUNPATH_SEARCH_PATHS = "$(inherited) @executable_path/Frameworks @loader_path/Frameworks $(FRAMEWORK_SEARCH_PATHS)";
				MODULEMAP_FILE = Plugin/module.mapfile;
				ONLY_ACTIVE_ARCH = NO;
				OTHER_CPLUSPLUSFLAGS = (
					"-fmodules",
					"-fcxx-modules",
					"-fexceptions",
					"-std=c++14",
					"-DHAVE_PTHREAD=1",
					"-O3",
				);
				PRODUCT_BUNDLE_IDENTIFIER = com.getcapacitor.Plugin;
				PRODUCT_NAME = "$(TARGET_NAME:c99extidentifier)";
				SKIP_INSTALL = YES;
				SUPPORTS_MACCATALYST = NO;
				SWIFT_OBJC_BRIDGING_HEADER = "";
				SWIFT_VERSION = 5.0;
				TARGETED_DEVICE_FAMILY = "1,2";
				USER_HEADER_SEARCH_PATHS = "$(PROJECT_DIR)/../scan/src";
			};
			name = Release;
		};
		50ADFFA0201F53D600D50D53 /* Debug */ = {
			isa = XCBuildConfiguration;
			baseConfigurationReference = FE5F57511F075335E1DDC2B3 /* Pods-CapacitorScanTests.debug.xcconfig */;
			buildSettings = {
				ALWAYS_EMBED_SWIFT_STANDARD_LIBRARIES = YES;
				CODE_SIGN_STYLE = Automatic;
				INFOPLIST_FILE = PluginTests/Info.plist;
				LD_RUNPATH_SEARCH_PATHS = "$(inherited) @executable_path/Frameworks @loader_path/Frameworks";
				PRODUCT_BUNDLE_IDENTIFIER = com.getcapacitor.PluginTests;
				PRODUCT_NAME = "$(TARGET_NAME)";
				SWIFT_VERSION = 5.0;
				TARGETED_DEVICE_FAMILY = "1,2";
			};
			name = Debug;
		};
		50ADFFA1201F53D600D50D53 /* Release */ = {
			isa = XCBuildConfiguration;
			baseConfigurationReference = 5D63C07C54234A27465D484F /* Pods-CapacitorScanTests.release.xcconfig */;
			buildSettings = {
				ALWAYS_EMBED_SWIFT_STANDARD_LIBRARIES = YES;
				CODE_SIGN_STYLE = Automatic;
				INFOPLIST_FILE = PluginTests/Info.plist;
				LD_RUNPATH_SEARCH_PATHS = "$(inherited) @executable_path/Frameworks @loader_path/Frameworks";
				PRODUCT_BUNDLE_IDENTIFIER = com.getcapacitor.PluginTests;
				PRODUCT_NAME = "$(TARGET_NAME)";
				SWIFT_VERSION = 5.0;
				TARGETED_DEVICE_FAMILY = "1,2";
			};
			name = Release;
		};
/* End XCBuildConfiguration section */

/* Begin XCConfigurationList section */
		50ADFF82201F53D600D50D53 /* Build configuration list for PBXProject "CapacitorScan" */ = {
			isa = XCConfigurationList;
			buildConfigurations = (
				50ADFF9A201F53D600D50D53 /* Debug */,
				50ADFF9B201F53D600D50D53 /* Release */,
			);
			defaultConfigurationIsVisible = 0;
			defaultConfigurationName = Release;
		};
		50ADFF9C201F53D600D50D53 /* Build configuration list for PBXNativeTarget "CapacitorScan" */ = {
			isa = XCConfigurationList;
			buildConfigurations = (
				50ADFF9D201F53D600D50D53 /* Debug */,
				50ADFF9E201F53D600D50D53 /* Release */,
			);
			defaultConfigurationIsVisible = 0;
			defaultConfigurationName = Release;
		};
		50ADFF9F201F53D600D50D53 /* Build configuration list for PBXNativeTarget "CapacitorScanTests" */ = {
			isa = XCConfigurationList;
			buildConfigurations = (
				50ADFFA0201F53D600D50D53 /* Debug */,
				50ADFFA1201F53D600D50D53 /* Release */,
			);
			defaultConfigurationIsVisible = 0;
			defaultConfigurationName = Release;
		};
/* End XCConfigurationList section */
	};
	rootObject = 50ADFF7F201F53D600D50D53 /* Project object */;
}
